// !$*UTF8*$!
{
	archiveVersion = 1;
	classes = {
	};
	objectVersion = 56;
	objects = {

/* Begin PBXBuildFile section */
		2270097C28FDA71B00FD5ABE /* AppDelegate.swift in Sources */ = {isa = PBXBuildFile; fileRef = 2270097B28FDA71B00FD5ABE /* AppDelegate.swift */; };
		2270097E28FDA71B00FD5ABE /* SceneDelegate.swift in Sources */ = {isa = PBXBuildFile; fileRef = 2270097D28FDA71B00FD5ABE /* SceneDelegate.swift */; };
		2270098628FDA71B00FD5ABE /* beautySallonControl.xcdatamodeld in Sources */ = {isa = PBXBuildFile; fileRef = 2270098428FDA71B00FD5ABE /* beautySallonControl.xcdatamodeld */; };
		2270098828FDA72000FD5ABE /* Assets.xcassets in Resources */ = {isa = PBXBuildFile; fileRef = 2270098728FDA72000FD5ABE /* Assets.xcassets */; };
		2270098B28FDA72000FD5ABE /* LaunchScreen.storyboard in Resources */ = {isa = PBXBuildFile; fileRef = 2270098928FDA72000FD5ABE /* LaunchScreen.storyboard */; };
		227009A228FDB3EF00FD5ABE /* MenuViewController.swift in Sources */ = {isa = PBXBuildFile; fileRef = 227009A128FDB3EF00FD5ABE /* MenuViewController.swift */; };
		227009A428FDB40E00FD5ABE /* MenuPresenter.swift in Sources */ = {isa = PBXBuildFile; fileRef = 227009A328FDB40E00FD5ABE /* MenuPresenter.swift */; };
		227009A628FDB43800FD5ABE /* IdentifireViewController.swift in Sources */ = {isa = PBXBuildFile; fileRef = 227009A528FDB43800FD5ABE /* IdentifireViewController.swift */; };
		227009A828FDB44A00FD5ABE /* IdentifirePresenter.swift in Sources */ = {isa = PBXBuildFile; fileRef = 227009A728FDB44A00FD5ABE /* IdentifirePresenter.swift */; };
		227009AA28FDB49300FD5ABE /* TabBarController.swift in Sources */ = {isa = PBXBuildFile; fileRef = 227009A928FDB49300FD5ABE /* TabBarController.swift */; };
		227009AC28FDB4A000FD5ABE /* MainViewController.swift in Sources */ = {isa = PBXBuildFile; fileRef = 227009AB28FDB4A000FD5ABE /* MainViewController.swift */; };
		227009AE28FDB4AF00FD5ABE /* MainPresenter.swift in Sources */ = {isa = PBXBuildFile; fileRef = 227009AD28FDB4AF00FD5ABE /* MainPresenter.swift */; };
		227009B028FDB4C300FD5ABE /* CalendarViewController.swift in Sources */ = {isa = PBXBuildFile; fileRef = 227009AF28FDB4C300FD5ABE /* CalendarViewController.swift */; };
		227009B228FDB4CF00FD5ABE /* CalendarPresenter.swift in Sources */ = {isa = PBXBuildFile; fileRef = 227009B128FDB4CF00FD5ABE /* CalendarPresenter.swift */; };
		227009B428FDB4DE00FD5ABE /* ExpensesViewController.swift in Sources */ = {isa = PBXBuildFile; fileRef = 227009B328FDB4DE00FD5ABE /* ExpensesViewController.swift */; };
		227009B628FDB4E900FD5ABE /* ExpensesPresenter.swift in Sources */ = {isa = PBXBuildFile; fileRef = 227009B528FDB4E900FD5ABE /* ExpensesPresenter.swift */; };
		227009B828FDB4F900FD5ABE /* ReportViewController.swift in Sources */ = {isa = PBXBuildFile; fileRef = 227009B728FDB4F900FD5ABE /* ReportViewController.swift */; };
		227009BA28FDB50200FD5ABE /* ReportPresenter.swift in Sources */ = {isa = PBXBuildFile; fileRef = 227009B928FDB50200FD5ABE /* ReportPresenter.swift */; };
		227009BC28FDB60800FD5ABE /* SceneBuildManager.swift in Sources */ = {isa = PBXBuildFile; fileRef = 227009BB28FDB60800FD5ABE /* SceneBuildManager.swift */; };
		227009BE28FDBCDA00FD5ABE /* TabBarPresenter.swift in Sources */ = {isa = PBXBuildFile; fileRef = 227009BD28FDBCDA00FD5ABE /* TabBarPresenter.swift */; };
/* End PBXBuildFile section */

/* Begin PBXFileReference section */
		2270097828FDA71B00FD5ABE /* beautySallonControl.app */ = {isa = PBXFileReference; explicitFileType = wrapper.application; includeInIndex = 0; path = beautySallonControl.app; sourceTree = BUILT_PRODUCTS_DIR; };
		2270097B28FDA71B00FD5ABE /* AppDelegate.swift */ = {isa = PBXFileReference; lastKnownFileType = sourcecode.swift; path = AppDelegate.swift; sourceTree = "<group>"; };
		2270097D28FDA71B00FD5ABE /* SceneDelegate.swift */ = {isa = PBXFileReference; lastKnownFileType = sourcecode.swift; path = SceneDelegate.swift; sourceTree = "<group>"; };
		2270098528FDA71B00FD5ABE /* beautySallonControl.xcdatamodel */ = {isa = PBXFileReference; lastKnownFileType = wrapper.xcdatamodel; path = beautySallonControl.xcdatamodel; sourceTree = "<group>"; };
		2270098728FDA72000FD5ABE /* Assets.xcassets */ = {isa = PBXFileReference; lastKnownFileType = folder.assetcatalog; path = Assets.xcassets; sourceTree = "<group>"; };
		2270098A28FDA72000FD5ABE /* Base */ = {isa = PBXFileReference; lastKnownFileType = file.storyboard; name = Base; path = Base.lproj/LaunchScreen.storyboard; sourceTree = "<group>"; };
		2270098C28FDA72000FD5ABE /* Info.plist */ = {isa = PBXFileReference; lastKnownFileType = text.plist.xml; path = Info.plist; sourceTree = "<group>"; };
		227009A128FDB3EF00FD5ABE /* MenuViewController.swift */ = {isa = PBXFileReference; lastKnownFileType = sourcecode.swift; path = MenuViewController.swift; sourceTree = "<group>"; };
		227009A328FDB40E00FD5ABE /* MenuPresenter.swift */ = {isa = PBXFileReference; lastKnownFileType = sourcecode.swift; path = MenuPresenter.swift; sourceTree = "<group>"; };
		227009A528FDB43800FD5ABE /* IdentifireViewController.swift */ = {isa = PBXFileReference; lastKnownFileType = sourcecode.swift; path = IdentifireViewController.swift; sourceTree = "<group>"; };
		227009A728FDB44A00FD5ABE /* IdentifirePresenter.swift */ = {isa = PBXFileReference; lastKnownFileType = sourcecode.swift; path = IdentifirePresenter.swift; sourceTree = "<group>"; };
		227009A928FDB49300FD5ABE /* TabBarController.swift */ = {isa = PBXFileReference; lastKnownFileType = sourcecode.swift; path = TabBarController.swift; sourceTree = "<group>"; };
		227009AB28FDB4A000FD5ABE /* MainViewController.swift */ = {isa = PBXFileReference; lastKnownFileType = sourcecode.swift; path = MainViewController.swift; sourceTree = "<group>"; };
		227009AD28FDB4AF00FD5ABE /* MainPresenter.swift */ = {isa = PBXFileReference; lastKnownFileType = sourcecode.swift; path = MainPresenter.swift; sourceTree = "<group>"; };
		227009AF28FDB4C300FD5ABE /* CalendarViewController.swift */ = {isa = PBXFileReference; lastKnownFileType = sourcecode.swift; path = CalendarViewController.swift; sourceTree = "<group>"; };
		227009B128FDB4CF00FD5ABE /* CalendarPresenter.swift */ = {isa = PBXFileReference; lastKnownFileType = sourcecode.swift; path = CalendarPresenter.swift; sourceTree = "<group>"; };
		227009B328FDB4DE00FD5ABE /* ExpensesViewController.swift */ = {isa = PBXFileReference; lastKnownFileType = sourcecode.swift; path = ExpensesViewController.swift; sourceTree = "<group>"; };
		227009B528FDB4E900FD5ABE /* ExpensesPresenter.swift */ = {isa = PBXFileReference; lastKnownFileType = sourcecode.swift; path = ExpensesPresenter.swift; sourceTree = "<group>"; };
		227009B728FDB4F900FD5ABE /* ReportViewController.swift */ = {isa = PBXFileReference; lastKnownFileType = sourcecode.swift; path = ReportViewController.swift; sourceTree = "<group>"; };
		227009B928FDB50200FD5ABE /* ReportPresenter.swift */ = {isa = PBXFileReference; lastKnownFileType = sourcecode.swift; path = ReportPresenter.swift; sourceTree = "<group>"; };
		227009BB28FDB60800FD5ABE /* SceneBuildManager.swift */ = {isa = PBXFileReference; lastKnownFileType = sourcecode.swift; path = SceneBuildManager.swift; sourceTree = "<group>"; };
		227009BD28FDBCDA00FD5ABE /* TabBarPresenter.swift */ = {isa = PBXFileReference; lastKnownFileType = sourcecode.swift; path = TabBarPresenter.swift; sourceTree = "<group>"; };
/* End PBXFileReference section */

/* Begin PBXFrameworksBuildPhase section */
		2270097528FDA71B00FD5ABE /* Frameworks */ = {
			isa = PBXFrameworksBuildPhase;
			buildActionMask = 2147483647;
			files = (
			);
			runOnlyForDeploymentPostprocessing = 0;
		};
/* End PBXFrameworksBuildPhase section */

/* Begin PBXGroup section */
		2270096F28FDA71B00FD5ABE = {
			isa = PBXGroup;
			children = (
				2270097A28FDA71B00FD5ABE /* beautySallonControl */,
				2270097928FDA71B00FD5ABE /* Products */,
			);
			sourceTree = "<group>";
		};
		2270097928FDA71B00FD5ABE /* Products */ = {
			isa = PBXGroup;
			children = (
				2270097828FDA71B00FD5ABE /* beautySallonControl.app */,
			);
			name = Products;
			sourceTree = "<group>";
		};
		2270097A28FDA71B00FD5ABE /* beautySallonControl */ = {
			isa = PBXGroup;
			children = (
				2270099228FDAD7500FD5ABE /* Application */,
				2270099428FDB0ED00FD5ABE /* Core */,
				2270099528FDB0F400FD5ABE /* Scenes */,
				2270098C28FDA72000FD5ABE /* Info.plist */,
				2270098428FDA71B00FD5ABE /* beautySallonControl.xcdatamodeld */,
			);
			path = beautySallonControl;
			sourceTree = "<group>";
		};
		2270099228FDAD7500FD5ABE /* Application */ = {
			isa = PBXGroup;
			children = (
				2270099328FDADE000FD5ABE /* Resources */,
				2270097D28FDA71B00FD5ABE /* SceneDelegate.swift */,
				2270097B28FDA71B00FD5ABE /* AppDelegate.swift */,
			);
			path = Application;
			sourceTree = "<group>";
		};
		2270099328FDADE000FD5ABE /* Resources */ = {
			isa = PBXGroup;
			children = (
				2270098728FDA72000FD5ABE /* Assets.xcassets */,
				2270098928FDA72000FD5ABE /* LaunchScreen.storyboard */,
			);
			path = Resources;
			sourceTree = "<group>";
		};
		2270099428FDB0ED00FD5ABE /* Core */ = {
			isa = PBXGroup;
			children = (
				2270099928FDB15B00FD5ABE /* Entities */,
				2270099828FDB15000FD5ABE /* Extension */,
				2270099728FDB14800FD5ABE /* Managers */,
				2270099628FDB11D00FD5ABE /* Services */,
			);
			path = Core;
			sourceTree = "<group>";
		};
		2270099528FDB0F400FD5ABE /* Scenes */ = {
			isa = PBXGroup;
			children = (
				227009A028FDB3C200FD5ABE /* Menu */,
				2270099A28FDB22200FD5ABE /* Identifire */,
				2270099B28FDB2BB00FD5ABE /* TabBar */,
				2270099C28FDB2DC00FD5ABE /* Main */,
				2270099D28FDB2E700FD5ABE /* Calendar */,
				2270099E28FDB2EF00FD5ABE /* Expenses */,
				2270099F28FDB37400FD5ABE /* Report */,
			);
			path = Scenes;
			sourceTree = "<group>";
		};
		2270099628FDB11D00FD5ABE /* Services */ = {
			isa = PBXGroup;
			children = (
			);
			path = Services;
			sourceTree = "<group>";
		};
		2270099728FDB14800FD5ABE /* Managers */ = {
			isa = PBXGroup;
			children = (
				227009BB28FDB60800FD5ABE /* SceneBuildManager.swift */,
			);
			path = Managers;
			sourceTree = "<group>";
		};
		2270099828FDB15000FD5ABE /* Extension */ = {
			isa = PBXGroup;
			children = (
			);
			path = Extension;
			sourceTree = "<group>";
		};
		2270099928FDB15B00FD5ABE /* Entities */ = {
			isa = PBXGroup;
			children = (
			);
			path = Entities;
			sourceTree = "<group>";
		};
		2270099A28FDB22200FD5ABE /* Identifire */ = {
			isa = PBXGroup;
			children = (
				227009A528FDB43800FD5ABE /* IdentifireViewController.swift */,
				227009A728FDB44A00FD5ABE /* IdentifirePresenter.swift */,
			);
			path = Identifire;
			sourceTree = "<group>";
		};
		2270099B28FDB2BB00FD5ABE /* TabBar */ = {
			isa = PBXGroup;
			children = (
				227009A928FDB49300FD5ABE /* TabBarController.swift */,
				227009BD28FDBCDA00FD5ABE /* TabBarPresenter.swift */,
			);
			path = TabBar;
			sourceTree = "<group>";
		};
		2270099C28FDB2DC00FD5ABE /* Main */ = {
			isa = PBXGroup;
			children = (
				227009AB28FDB4A000FD5ABE /* MainViewController.swift */,
				227009AD28FDB4AF00FD5ABE /* MainPresenter.swift */,
			);
			path = Main;
			sourceTree = "<group>";
		};
		2270099D28FDB2E700FD5ABE /* Calendar */ = {
			isa = PBXGroup;
			children = (
				227009AF28FDB4C300FD5ABE /* CalendarViewController.swift */,
				227009B128FDB4CF00FD5ABE /* CalendarPresenter.swift */,
			);
			path = Calendar;
			sourceTree = "<group>";
		};
		2270099E28FDB2EF00FD5ABE /* Expenses */ = {
			isa = PBXGroup;
			children = (
				227009B328FDB4DE00FD5ABE /* ExpensesViewController.swift */,
				227009B528FDB4E900FD5ABE /* ExpensesPresenter.swift */,
			);
			path = Expenses;
			sourceTree = "<group>";
		};
		2270099F28FDB37400FD5ABE /* Report */ = {
			isa = PBXGroup;
			children = (
				227009B728FDB4F900FD5ABE /* ReportViewController.swift */,
				227009B928FDB50200FD5ABE /* ReportPresenter.swift */,
			);
			path = Report;
			sourceTree = "<group>";
		};
		227009A028FDB3C200FD5ABE /* Menu */ = {
			isa = PBXGroup;
			children = (
				227009A128FDB3EF00FD5ABE /* MenuViewController.swift */,
				227009A328FDB40E00FD5ABE /* MenuPresenter.swift */,
			);
			path = Menu;
			sourceTree = "<group>";
		};
/* End PBXGroup section */

/* Begin PBXNativeTarget section */
		2270097728FDA71B00FD5ABE /* beautySallonControl */ = {
			isa = PBXNativeTarget;
			buildConfigurationList = 2270098F28FDA72000FD5ABE /* Build configuration list for PBXNativeTarget "beautySallonControl" */;
			buildPhases = (
				2270097428FDA71B00FD5ABE /* Sources */,
				2270097528FDA71B00FD5ABE /* Frameworks */,
				2270097628FDA71B00FD5ABE /* Resources */,
			);
			buildRules = (
			);
			dependencies = (
			);
			name = beautySallonControl;
			productName = beautySallonControl;
			productReference = 2270097828FDA71B00FD5ABE /* beautySallonControl.app */;
			productType = "com.apple.product-type.application";
		};
/* End PBXNativeTarget section */

/* Begin PBXProject section */
		2270097028FDA71B00FD5ABE /* Project object */ = {
			isa = PBXProject;
			attributes = {
				BuildIndependentTargetsInParallel = 1;
				LastSwiftUpdateCheck = 1400;
				LastUpgradeCheck = 1400;
				TargetAttributes = {
					2270097728FDA71B00FD5ABE = {
						CreatedOnToolsVersion = 14.0.1;
					};
				};
			};
			buildConfigurationList = 2270097328FDA71B00FD5ABE /* Build configuration list for PBXProject "beautySallonControl" */;
			compatibilityVersion = "Xcode 14.0";
			developmentRegion = en;
			hasScannedForEncodings = 0;
			knownRegions = (
				en,
				Base,
			);
			mainGroup = 2270096F28FDA71B00FD5ABE;
			productRefGroup = 2270097928FDA71B00FD5ABE /* Products */;
			projectDirPath = "";
			projectRoot = "";
			targets = (
				2270097728FDA71B00FD5ABE /* beautySallonControl */,
			);
		};
/* End PBXProject section */

/* Begin PBXResourcesBuildPhase section */
		2270097628FDA71B00FD5ABE /* Resources */ = {
			isa = PBXResourcesBuildPhase;
			buildActionMask = 2147483647;
			files = (
				2270098B28FDA72000FD5ABE /* LaunchScreen.storyboard in Resources */,
				2270098828FDA72000FD5ABE /* Assets.xcassets in Resources */,
			);
			runOnlyForDeploymentPostprocessing = 0;
		};
/* End PBXResourcesBuildPhase section */

/* Begin PBXSourcesBuildPhase section */
		2270097428FDA71B00FD5ABE /* Sources */ = {
			isa = PBXSourcesBuildPhase;
			buildActionMask = 2147483647;
			files = (
				227009B228FDB4CF00FD5ABE /* CalendarPresenter.swift in Sources */,
				2270098628FDA71B00FD5ABE /* beautySallonControl.xcdatamodeld in Sources */,
				227009B428FDB4DE00FD5ABE /* ExpensesViewController.swift in Sources */,
				227009AA28FDB49300FD5ABE /* TabBarController.swift in Sources */,
				227009BA28FDB50200FD5ABE /* ReportPresenter.swift in Sources */,
				227009A628FDB43800FD5ABE /* IdentifireViewController.swift in Sources */,
				227009B028FDB4C300FD5ABE /* CalendarViewController.swift in Sources */,
				2270097C28FDA71B00FD5ABE /* AppDelegate.swift in Sources */,
				227009BE28FDBCDA00FD5ABE /* TabBarPresenter.swift in Sources */,
				2270097E28FDA71B00FD5ABE /* SceneDelegate.swift in Sources */,
				227009B828FDB4F900FD5ABE /* ReportViewController.swift in Sources */,
				227009AE28FDB4AF00FD5ABE /* MainPresenter.swift in Sources */,
				227009A428FDB40E00FD5ABE /* MenuPresenter.swift in Sources */,
				227009AC28FDB4A000FD5ABE /* MainViewController.swift in Sources */,
				227009BC28FDB60800FD5ABE /* SceneBuildManager.swift in Sources */,
				227009B628FDB4E900FD5ABE /* ExpensesPresenter.swift in Sources */,
				227009A828FDB44A00FD5ABE /* IdentifirePresenter.swift in Sources */,
				227009A228FDB3EF00FD5ABE /* MenuViewController.swift in Sources */,
			);
			runOnlyForDeploymentPostprocessing = 0;
		};
/* End PBXSourcesBuildPhase section */

/* Begin PBXVariantGroup section */
		2270098928FDA72000FD5ABE /* LaunchScreen.storyboard */ = {
			isa = PBXVariantGroup;
			children = (
				2270098A28FDA72000FD5ABE /* Base */,
			);
			name = LaunchScreen.storyboard;
			sourceTree = "<group>";
		};
/* End PBXVariantGroup section */

/* Begin XCBuildConfiguration section */
		2270098D28FDA72000FD5ABE /* Debug */ = {
			isa = XCBuildConfiguration;
			buildSettings = {
				ALWAYS_SEARCH_USER_PATHS = NO;
				CLANG_ANALYZER_NONNULL = YES;
				CLANG_ANALYZER_NUMBER_OBJECT_CONVERSION = YES_AGGRESSIVE;
				CLANG_CXX_LANGUAGE_STANDARD = "gnu++20";
				CLANG_ENABLE_MODULES = YES;
				CLANG_ENABLE_OBJC_ARC = YES;
				CLANG_ENABLE_OBJC_WEAK = YES;
				CLANG_WARN_BLOCK_CAPTURE_AUTORELEASING = YES;
				CLANG_WARN_BOOL_CONVERSION = YES;
				CLANG_WARN_COMMA = YES;
				CLANG_WARN_CONSTANT_CONVERSION = YES;
				CLANG_WARN_DEPRECATED_OBJC_IMPLEMENTATIONS = YES;
				CLANG_WARN_DIRECT_OBJC_ISA_USAGE = YES_ERROR;
				CLANG_WARN_DOCUMENTATION_COMMENTS = YES;
				CLANG_WARN_EMPTY_BODY = YES;
				CLANG_WARN_ENUM_CONVERSION = YES;
				CLANG_WARN_INFINITE_RECURSION = YES;
				CLANG_WARN_INT_CONVERSION = YES;
				CLANG_WARN_NON_LITERAL_NULL_CONVERSION = YES;
				CLANG_WARN_OBJC_IMPLICIT_RETAIN_SELF = YES;
				CLANG_WARN_OBJC_LITERAL_CONVERSION = YES;
				CLANG_WARN_OBJC_ROOT_CLASS = YES_ERROR;
				CLANG_WARN_QUOTED_INCLUDE_IN_FRAMEWORK_HEADER = YES;
				CLANG_WARN_RANGE_LOOP_ANALYSIS = YES;
				CLANG_WARN_STRICT_PROTOTYPES = YES;
				CLANG_WARN_SUSPICIOUS_MOVE = YES;
				CLANG_WARN_UNGUARDED_AVAILABILITY = YES_AGGRESSIVE;
				CLANG_WARN_UNREACHABLE_CODE = YES;
				CLANG_WARN__DUPLICATE_METHOD_MATCH = YES;
				COPY_PHASE_STRIP = NO;
				DEBUG_INFORMATION_FORMAT = dwarf;
				ENABLE_STRICT_OBJC_MSGSEND = YES;
				ENABLE_TESTABILITY = YES;
				GCC_C_LANGUAGE_STANDARD = gnu11;
				GCC_DYNAMIC_NO_PIC = NO;
				GCC_NO_COMMON_BLOCKS = YES;
				GCC_OPTIMIZATION_LEVEL = 0;
				GCC_PREPROCESSOR_DEFINITIONS = (
					"DEBUG=1",
					"$(inherited)",
				);
				GCC_WARN_64_TO_32_BIT_CONVERSION = YES;
				GCC_WARN_ABOUT_RETURN_TYPE = YES_ERROR;
				GCC_WARN_UNDECLARED_SELECTOR = YES;
				GCC_WARN_UNINITIALIZED_AUTOS = YES_AGGRESSIVE;
				GCC_WARN_UNUSED_FUNCTION = YES;
				GCC_WARN_UNUSED_VARIABLE = YES;
				IPHONEOS_DEPLOYMENT_TARGET = 16.0;
				MTL_ENABLE_DEBUG_INFO = INCLUDE_SOURCE;
				MTL_FAST_MATH = YES;
				ONLY_ACTIVE_ARCH = YES;
				SDKROOT = iphoneos;
				SWIFT_ACTIVE_COMPILATION_CONDITIONS = DEBUG;
				SWIFT_OPTIMIZATION_LEVEL = "-Onone";
			};
			name = Debug;
		};
		2270098E28FDA72000FD5ABE /* Release */ = {
			isa = XCBuildConfiguration;
			buildSettings = {
				ALWAYS_SEARCH_USER_PATHS = NO;
				CLANG_ANALYZER_NONNULL = YES;
				CLANG_ANALYZER_NUMBER_OBJECT_CONVERSION = YES_AGGRESSIVE;
				CLANG_CXX_LANGUAGE_STANDARD = "gnu++20";
				CLANG_ENABLE_MODULES = YES;
				CLANG_ENABLE_OBJC_ARC = YES;
				CLANG_ENABLE_OBJC_WEAK = YES;
				CLANG_WARN_BLOCK_CAPTURE_AUTORELEASING = YES;
				CLANG_WARN_BOOL_CONVERSION = YES;
				CLANG_WARN_COMMA = YES;
				CLANG_WARN_CONSTANT_CONVERSION = YES;
				CLANG_WARN_DEPRECATED_OBJC_IMPLEMENTATIONS = YES;
				CLANG_WARN_DIRECT_OBJC_ISA_USAGE = YES_ERROR;
				CLANG_WARN_DOCUMENTATION_COMMENTS = YES;
				CLANG_WARN_EMPTY_BODY = YES;
				CLANG_WARN_ENUM_CONVERSION = YES;
				CLANG_WARN_INFINITE_RECURSION = YES;
				CLANG_WARN_INT_CONVERSION = YES;
				CLANG_WARN_NON_LITERAL_NULL_CONVERSION = YES;
				CLANG_WARN_OBJC_IMPLICIT_RETAIN_SELF = YES;
				CLANG_WARN_OBJC_LITERAL_CONVERSION = YES;
				CLANG_WARN_OBJC_ROOT_CLASS = YES_ERROR;
				CLANG_WARN_QUOTED_INCLUDE_IN_FRAMEWORK_HEADER = YES;
				CLANG_WARN_RANGE_LOOP_ANALYSIS = YES;
				CLANG_WARN_STRICT_PROTOTYPES = YES;
				CLANG_WARN_SUSPICIOUS_MOVE = YES;
				CLANG_WARN_UNGUARDED_AVAILABILITY = YES_AGGRESSIVE;
				CLANG_WARN_UNREACHABLE_CODE = YES;
				CLANG_WARN__DUPLICATE_METHOD_MATCH = YES;
				COPY_PHASE_STRIP = NO;
				DEBUG_INFORMATION_FORMAT = "dwarf-with-dsym";
				ENABLE_NS_ASSERTIONS = NO;
				ENABLE_STRICT_OBJC_MSGSEND = YES;
				GCC_C_LANGUAGE_STANDARD = gnu11;
				GCC_NO_COMMON_BLOCKS = YES;
				GCC_WARN_64_TO_32_BIT_CONVERSION = YES;
				GCC_WARN_ABOUT_RETURN_TYPE = YES_ERROR;
				GCC_WARN_UNDECLARED_SELECTOR = YES;
				GCC_WARN_UNINITIALIZED_AUTOS = YES_AGGRESSIVE;
				GCC_WARN_UNUSED_FUNCTION = YES;
				GCC_WARN_UNUSED_VARIABLE = YES;
				IPHONEOS_DEPLOYMENT_TARGET = 16.0;
				MTL_ENABLE_DEBUG_INFO = NO;
				MTL_FAST_MATH = YES;
				SDKROOT = iphoneos;
				SWIFT_COMPILATION_MODE = wholemodule;
				SWIFT_OPTIMIZATION_LEVEL = "-O";
				VALIDATE_PRODUCT = YES;
			};
			name = Release;
		};
		2270099028FDA72000FD5ABE /* Debug */ = {
			isa = XCBuildConfiguration;
			buildSettings = {
				ASSETCATALOG_COMPILER_APPICON_NAME = AppIcon;
				ASSETCATALOG_COMPILER_GLOBAL_ACCENT_COLOR_NAME = AccentColor;
				CODE_SIGN_STYLE = Automatic;
				CURRENT_PROJECT_VERSION = 1;
				DEVELOPMENT_TEAM = H456X98Q5T;
				GENERATE_INFOPLIST_FILE = YES;
				INFOPLIST_FILE = beautySallonControl/Info.plist;
				INFOPLIST_KEY_UIApplicationSupportsIndirectInputEvents = YES;
				INFOPLIST_KEY_UILaunchStoryboardName = LaunchScreen;
				INFOPLIST_KEY_UISupportedInterfaceOrientations = UIInterfaceOrientationPortrait;
				IPHONEOS_DEPLOYMENT_TARGET = 14.0;
				LD_RUNPATH_SEARCH_PATHS = (
					"$(inherited)",
					"@executable_path/Frameworks",
				);
				MARKETING_VERSION = 1.0;
				PRODUCT_BUNDLE_IDENTIFIER = holog.beautySallonControl;
				PRODUCT_NAME = "$(TARGET_NAME)";
				SUPPORTED_PLATFORMS = "iphoneos iphonesimulator";
				SUPPORTS_MACCATALYST = NO;
				SUPPORTS_MAC_DESIGNED_FOR_IPHONE_IPAD = NO;
				SWIFT_EMIT_LOC_STRINGS = YES;
				SWIFT_VERSION = 5.0;
				TARGETED_DEVICE_FAMILY = 1;
			};
			name = Debug;
		};
		2270099128FDA72000FD5ABE /* Release */ = {
			isa = XCBuildConfiguration;
			buildSettings = {
				ASSETCATALOG_COMPILER_APPICON_NAME = AppIcon;
				ASSETCATALOG_COMPILER_GLOBAL_ACCENT_COLOR_NAME = AccentColor;
				CODE_SIGN_STYLE = Automatic;
				CURRENT_PROJECT_VERSION = 1;
				DEVELOPMENT_TEAM = H456X98Q5T;
				GENERATE_INFOPLIST_FILE = YES;
				INFOPLIST_FILE = beautySallonControl/Info.plist;
				INFOPLIST_KEY_UIApplicationSupportsIndirectInputEvents = YES;
				INFOPLIST_KEY_UILaunchStoryboardName = LaunchScreen;
				INFOPLIST_KEY_UISupportedInterfaceOrientations = UIInterfaceOrientationPortrait;
				IPHONEOS_DEPLOYMENT_TARGET = 14.0;
				LD_RUNPATH_SEARCH_PATHS = (
					"$(inherited)",
					"@executable_path/Frameworks",
				);
				MARKETING_VERSION = 1.0;
				PRODUCT_BUNDLE_IDENTIFIER = holog.beautySallonControl;
				PRODUCT_NAME = "$(TARGET_NAME)";
				SUPPORTED_PLATFORMS = "iphoneos iphonesimulator";
				SUPPORTS_MACCATALYST = NO;
				SUPPORTS_MAC_DESIGNED_FOR_IPHONE_IPAD = NO;
				SWIFT_EMIT_LOC_STRINGS = YES;
				SWIFT_VERSION = 5.0;
				TARGETED_DEVICE_FAMILY = 1;
			};
			name = Release;
		};
/* End XCBuildConfiguration section */

/* Begin XCConfigurationList section */
		2270097328FDA71B00FD5ABE /* Build configuration list for PBXProject "beautySallonControl" */ = {
			isa = XCConfigurationList;
			buildConfigurations = (
				2270098D28FDA72000FD5ABE /* Debug */,
				2270098E28FDA72000FD5ABE /* Release */,
			);
			defaultConfigurationIsVisible = 0;
			defaultConfigurationName = Release;
		};
		2270098F28FDA72000FD5ABE /* Build configuration list for PBXNativeTarget "beautySallonControl" */ = {
			isa = XCConfigurationList;
			buildConfigurations = (
				2270099028FDA72000FD5ABE /* Debug */,
				2270099128FDA72000FD5ABE /* Release */,
			);
			defaultConfigurationIsVisible = 0;
			defaultConfigurationName = Release;
		};
/* End XCConfigurationList section */

/* Begin XCVersionGroup section */
		2270098428FDA71B00FD5ABE /* beautySallonControl.xcdatamodeld */ = {
			isa = XCVersionGroup;
			children = (
				2270098528FDA71B00FD5ABE /* beautySallonControl.xcdatamodel */,
			);
			currentVersion = 2270098528FDA71B00FD5ABE /* beautySallonControl.xcdatamodel */;
			path = beautySallonControl.xcdatamodeld;
			sourceTree = "<group>";
			versionGroupType = wrapper.xcdatamodel;
		};
/* End XCVersionGroup section */
	};
	rootObject = 2270097028FDA71B00FD5ABE /* Project object */;
}
